
Microsoft Visual Studio Solution File, Format Version 12.00
# Visual Studio 15
VisualStudioVersion = 15.0.28307.421
MinimumVisualStudioVersion = 10.0.40219.1
Project("{FAE04EC0-301F-11D3-BF4B-00C04F79EFBC}") = "ZeMERP.Web", "ZeMERP.Web\ZeMERP.Web.csproj", "{32551449-8660-4DCE-B696-0030DDE0B7B3}"
EndProject
Project("{FAE04EC0-301F-11D3-BF4B-00C04F79EFBC}") = "ZeMERP.Data", "ZeMERP.Data\ZeMERP.Data.csproj", "{F19F80AF-EFCE-4D17-BADA-5B5896960BD5}"
EndProject
Project("{FAE04EC0-301F-11D3-BF4B-00C04F79EFBC}") = "ZeMERP.Services", "ZeMERP.Services\ZeMERP.Services.csproj", "{1CBD76EA-30B4-4870-8F62-EA6C302D2773}"
EndProject
Project("{FAE04EC0-301F-11D3-BF4B-00C04F79EFBC}") = "ZeMERP.Models", "ZeMERP.Models\ZeMERP.Models.csproj", "{994FE296-B77C-4CCF-83D4-3A7F67FFCDFB}"
EndProject
Project("{FAE04EC0-301F-11D3-BF4B-00C04F79EFBC}") = "ZeMERP.DTO", "ZeMERP.DTO\ZeMERP.DTO.csproj", "{A465B5FC-5C94-409C-9FBD-BC96647AAD88}"
EndProject
Project("{FAE04EC0-301F-11D3-BF4B-00C04F79EFBC}") = "ZeMERP.API", "ZeMERP.API\ZeMERP.API.csproj", "{1FD76A8A-36E5-4CBC-A700-25BCCB1F3C09}"
EndProject
Global
	GlobalSection(SolutionConfigurationPlatforms) = preSolution
		Debug|Any CPU = Debug|Any CPU
		Release|Any CPU = Release|Any CPU
	EndGlobalSection
	GlobalSection(ProjectConfigurationPlatforms) = postSolution
		{32551449-8660-4DCE-B696-0030DDE0B7B3}.Debug|Any CPU.ActiveCfg = Debug|Any CPU
		{32551449-8660-4DCE-B696-0030DDE0B7B3}.Debug|Any CPU.Build.0 = Debug|Any CPU
		{32551449-8660-4DCE-B696-0030DDE0B7B3}.Release|Any CPU.ActiveCfg = Release|Any CPU
		{32551449-8660-4DCE-B696-0030DDE0B7B3}.Release|Any CPU.Build.0 = Release|Any CPU
		{F19F80AF-EFCE-4D17-BADA-5B5896960BD5}.Debug|Any CPU.ActiveCfg = Debug|Any CPU
		{F19F80AF-EFCE-4D17-BADA-5B5896960BD5}.Debug|Any CPU.Build.0 = Debug|Any CPU
		{F19F80AF-EFCE-4D17-BADA-5B5896960BD5}.Release|Any CPU.ActiveCfg = Release|Any CPU
		{F19F80AF-EFCE-4D17-BADA-5B5896960BD5}.Release|Any CPU.Build.0 = Release|Any CPU
		{1CBD76EA-30B4-4870-8F62-EA6C302D2773}.Debug|Any CPU.ActiveCfg = Debug|Any CPU
		{1CBD76EA-30B4-4870-8F62-EA6C302D2773}.Debug|Any CPU.Build.0 = Debug|Any CPU
		{1CBD76EA-30B4-4870-8F62-EA6C302D2773}.Release|Any CPU.ActiveCfg = Release|Any CPU
		{1CBD76EA-30B4-4870-8F62-EA6C302D2773}.Release|Any CPU.Build.0 = Release|Any CPU
		{994FE296-B77C-4CCF-83D4-3A7F67FFCDFB}.Debug|Any CPU.ActiveCfg = Debug|Any CPU
		{994FE296-B77C-4CCF-83D4-3A7F67FFCDFB}.Debug|Any CPU.Build.0 = Debug|Any CPU
		{994FE296-B77C-4CCF-83D4-3A7F67FFCDFB}.Release|Any CPU.ActiveCfg = Release|Any CPU
		{994FE296-B77C-4CCF-83D4-3A7F67FFCDFB}.Release|Any CPU.Build.0 = Release|Any CPU
		{A465B5FC-5C94-409C-9FBD-BC96647AAD88}.Debug|Any CPU.ActiveCfg = Debug|Any CPU
		{A465B5FC-5C94-409C-9FBD-BC96647AAD88}.Debug|Any CPU.Build.0 = Debug|Any CPU
		{A465B5FC-5C94-409C-9FBD-BC96647AAD88}.Release|Any CPU.ActiveCfg = Release|Any CPU
		{A465B5FC-5C94-409C-9FBD-BC96647AAD88}.Release|Any CPU.Build.0 = Release|Any CPU
		{1FD76A8A-36E5-4CBC-A700-25BCCB1F3C09}.Debug|Any CPU.ActiveCfg = Debug|Any CPU
		{1FD76A8A-36E5-4CBC-A700-25BCCB1F3C09}.Debug|Any CPU.Build.0 = Debug|Any CPU
		{1FD76A8A-36E5-4CBC-A700-25BCCB1F3C09}.Release|Any CPU.ActiveCfg = Release|Any CPU
		{1FD76A8A-36E5-4CBC-A700-25BCCB1F3C09}.Release|Any CPU.Build.0 = Release|Any CPU
	EndGlobalSection
	GlobalSection(SolutionProperties) = preSolution
		HideSolutionNode = FALSE
	EndGlobalSection
	GlobalSection(ExtensibilityGlobals) = postSolution
		SolutionGuid = {74BFF8C5-7D78-4055-8AAD-1F9649CD045D}
	EndGlobalSection
EndGlobal
